
Microsoft Visual Studio Solution File, Format Version 11.00
# Visual Studio 2010
Project("{FAE04EC0-301F-11D3-BF4B-00C04F79EFBC}") = "ChatterBot01", "ChatterBot01\ChatterBot01.csproj", "{68995DD5-1764-4246-BF8E-BAAF77B59EDB}"
EndProject
Global
	GlobalSection(SolutionConfigurationPlatforms) = preSolution
		Debug|x86 = Debug|x86
		Release|x86 = Release|x86
	EndGlobalSection
	GlobalSection(ProjectConfigurationPlatforms) = postSolution
		{68995DD5-1764-4246-BF8E-BAAF77B59EDB}.Debug|x86.ActiveCfg = Debug|x86
		{68995DD5-1764-4246-BF8E-BAAF77B59EDB}.Debug|x86.Build.0 = Debug|x86
		{68995DD5-1764-4246-BF8E-BAAF77B59EDB}.Release|x86.ActiveCfg = Release|x86
		{68995DD5-1764-4246-BF8E-BAAF77B59EDB}.Release|x86.Build.0 = Release|x86
	EndGlobalSection
	GlobalSection(SolutionProperties) = preSolution
		HideSolutionNode = FALSE
	EndGlobalSection
EndGlobal
